// !$*UTF8*$!
{
	archiveVersion = 1;
	classes = {
	};
	objectVersion = 46;
	objects = {

/* Begin PBXBuildFile section */
		77AEE89F1F56CD1F00D8A614 /* AppDelegate.swift in Sources */ = {isa = PBXBuildFile; fileRef = 77AEE89E1F56CD1F00D8A614 /* AppDelegate.swift */; };
		77AEE8A11F56CD1F00D8A614 /* ViewController.swift in Sources */ = {isa = PBXBuildFile; fileRef = 77AEE8A01F56CD1F00D8A614 /* ViewController.swift */; };
		77AEE8A41F56CD1F00D8A614 /* Main.storyboard in Resources */ = {isa = PBXBuildFile; fileRef = 77AEE8A21F56CD1F00D8A614 /* Main.storyboard */; };
		77AEE8A71F56CD1F00D8A614 /* YouWeTestChat.xcdatamodeld in Sources */ = {isa = PBXBuildFile; fileRef = 77AEE8A51F56CD1F00D8A614 /* YouWeTestChat.xcdatamodeld */; };
		77AEE8A91F56CD1F00D8A614 /* Assets.xcassets in Resources */ = {isa = PBXBuildFile; fileRef = 77AEE8A81F56CD1F00D8A614 /* Assets.xcassets */; };
		77AEE8AC1F56CD1F00D8A614 /* LaunchScreen.storyboard in Resources */ = {isa = PBXBuildFile; fileRef = 77AEE8AA1F56CD1F00D8A614 /* LaunchScreen.storyboard */; };
/* End PBXBuildFile section */

/* Begin PBXFileReference section */
		77AEE89B1F56CD1F00D8A614 /* YouWeTestChat.app */ = {isa = PBXFileReference; explicitFileType = wrapper.application; includeInIndex = 0; path = YouWeTestChat.app; sourceTree = BUILT_PRODUCTS_DIR; };
		77AEE89E1F56CD1F00D8A614 /* AppDelegate.swift */ = {isa = PBXFileReference; lastKnownFileType = sourcecode.swift; path = AppDelegate.swift; sourceTree = "<group>"; };
		77AEE8A01F56CD1F00D8A614 /* ViewController.swift */ = {isa = PBXFileReference; lastKnownFileType = sourcecode.swift; path = ViewController.swift; sourceTree = "<group>"; };
		77AEE8A31F56CD1F00D8A614 /* Base */ = {isa = PBXFileReference; lastKnownFileType = file.storyboard; name = Base; path = Base.lproj/Main.storyboard; sourceTree = "<group>"; };
		77AEE8A61F56CD1F00D8A614 /* YouWeTestChat.xcdatamodel */ = {isa = PBXFileReference; lastKnownFileType = wrapper.xcdatamodel; path = YouWeTestChat.xcdatamodel; sourceTree = "<group>"; };
		77AEE8A81F56CD1F00D8A614 /* Assets.xcassets */ = {isa = PBXFileReference; lastKnownFileType = folder.assetcatalog; path = Assets.xcassets; sourceTree = "<group>"; };
		77AEE8AB1F56CD1F00D8A614 /* Base */ = {isa = PBXFileReference; lastKnownFileType = file.storyboard; name = Base; path = Base.lproj/LaunchScreen.storyboard; sourceTree = "<group>"; };
		77AEE8AD1F56CD1F00D8A614 /* Info.plist */ = {isa = PBXFileReference; lastKnownFileType = text.plist.xml; path = Info.plist; sourceTree = "<group>"; };
/* End PBXFileReference section */

/* Begin PBXFrameworksBuildPhase section */
		77AEE8981F56CD1F00D8A614 /* Frameworks */ = {
			isa = PBXFrameworksBuildPhase;
			buildActionMask = 2147483647;
			files = (
			);
			runOnlyForDeploymentPostprocessing = 0;
		};
/* End PBXFrameworksBuildPhase section */

/* Begin PBXGroup section */
		77AEE8921F56CD1F00D8A614 = {
			isa = PBXGroup;
			children = (
				77AEE89D1F56CD1F00D8A614 /* YouWeTestChat */,
				77AEE89C1F56CD1F00D8A614 /* Products */,
			);
			sourceTree = "<group>";
		};
		77AEE89C1F56CD1F00D8A614 /* Products */ = {
			isa = PBXGroup;
			children = (
				77AEE89B1F56CD1F00D8A614 /* YouWeTestChat.app */,
			);
			name = Products;
			sourceTree = "<group>";
		};
		77AEE89D1F56CD1F00D8A614 /* YouWeTestChat */ = {
			isa = PBXGroup;
			children = (
				77AEE89E1F56CD1F00D8A614 /* AppDelegate.swift */,
				77AEE8A01F56CD1F00D8A614 /* ViewController.swift */,
				77AEE8A21F56CD1F00D8A614 /* Main.storyboard */,
				77AEE8A81F56CD1F00D8A614 /* Assets.xcassets */,
				77AEE8AA1F56CD1F00D8A614 /* LaunchScreen.storyboard */,
				77AEE8AD1F56CD1F00D8A614 /* Info.plist */,
				77AEE8A51F56CD1F00D8A614 /* YouWeTestChat.xcdatamodeld */,
			);
			path = YouWeTestChat;
			sourceTree = "<group>";
		};
/* End PBXGroup section */

/* Begin PBXNativeTarget section */
		77AEE89A1F56CD1F00D8A614 /* YouWeTestChat */ = {
			isa = PBXNativeTarget;
			buildConfigurationList = 77AEE8B01F56CD1F00D8A614 /* Build configuration list for PBXNativeTarget "YouWeTestChat" */;
			buildPhases = (
				77AEE8971F56CD1F00D8A614 /* Sources */,
				77AEE8981F56CD1F00D8A614 /* Frameworks */,
				77AEE8991F56CD1F00D8A614 /* Resources */,
			);
			buildRules = (
			);
			dependencies = (
			);
			name = YouWeTestChat;
			productName = YouWeTestChat;
			productReference = 77AEE89B1F56CD1F00D8A614 /* YouWeTestChat.app */;
			productType = "com.apple.product-type.application";
		};
/* End PBXNativeTarget section */

/* Begin PBXProject section */
		77AEE8931F56CD1F00D8A614 /* Project object */ = {
			isa = PBXProject;
			attributes = {
				LastSwiftUpdateCheck = 0830;
				LastUpgradeCheck = 0830;
				ORGANIZATIONNAME = "Anton Makarov";
				TargetAttributes = {
					77AEE89A1F56CD1F00D8A614 = {
						CreatedOnToolsVersion = 8.3.3;
						DevelopmentTeam = RA8RP8Z7ML;
						ProvisioningStyle = Automatic;
					};
				};
			};
			buildConfigurationList = 77AEE8961F56CD1F00D8A614 /* Build configuration list for PBXProject "YouWeTestChat" */;
			compatibilityVersion = "Xcode 3.2";
			developmentRegion = English;
			hasScannedForEncodings = 0;
			knownRegions = (
				en,
				Base,
			);
			mainGroup = 77AEE8921F56CD1F00D8A614;
			productRefGroup = 77AEE89C1F56CD1F00D8A614 /* Products */;
			projectDirPath = "";
			projectRoot = "";
			targets = (
				77AEE89A1F56CD1F00D8A614 /* YouWeTestChat */,
			);
		};
/* End PBXProject section */

/* Begin PBXResourcesBuildPhase section */
		77AEE8991F56CD1F00D8A614 /* Resources */ = {
			isa = PBXResourcesBuildPhase;
			buildActionMask = 2147483647;
			files = (
				77AEE8AC1F56CD1F00D8A614 /* LaunchScreen.storyboard in Resources */,
				77AEE8A91F56CD1F00D8A614 /* Assets.xcassets in Resources */,
				77AEE8A41F56CD1F00D8A614 /* Main.storyboard in Resources */,
			);
			runOnlyForDeploymentPostprocessing = 0;
		};
/* End PBXResourcesBuildPhase section */

/* Begin PBXSourcesBuildPhase section */
		77AEE8971F56CD1F00D8A614 /* Sources */ = {
			isa = PBXSourcesBuildPhase;
			buildActionMask = 2147483647;
			files = (
				77AEE8A11F56CD1F00D8A614 /* ViewController.swift in Sources */,
				77AEE8A71F56CD1F00D8A614 /* YouWeTestChat.xcdatamodeld in Sources */,
				77AEE89F1F56CD1F00D8A614 /* AppDelegate.swift in Sources */,
			);
			runOnlyForDeploymentPostprocessing = 0;
		};
/* End PBXSourcesBuildPhase section */

/* Begin PBXVariantGroup section */
		77AEE8A21F56CD1F00D8A614 /* Main.storyboard */ = {
			isa = PBXVariantGroup;
			children = (
				77AEE8A31F56CD1F00D8A614 /* Base */,
			);
			name = Main.storyboard;
			sourceTree = "<group>";
		};
		77AEE8AA1F56CD1F00D8A614 /* LaunchScreen.storyboard */ = {
			isa = PBXVariantGroup;
			children = (
				77AEE8AB1F56CD1F00D8A614 /* Base */,
			);
			name = LaunchScreen.storyboard;
			sourceTree = "<group>";
		};
/* End PBXVariantGroup section */

/* Begin XCBuildConfiguration section */
		77AEE8AE1F56CD1F00D8A614 /* Debug */ = {
			isa = XCBuildConfiguration;
			buildSettings = {
				ALWAYS_SEARCH_USER_PATHS = NO;
				CLANG_ANALYZER_NONNULL = YES;
				CLANG_ANALYZER_NUMBER_OBJECT_CONVERSION = YES_AGGRESSIVE;
				CLANG_CXX_LANGUAGE_STANDARD = "gnu++0x";
				CLANG_CXX_LIBRARY = "libc++";
				CLANG_ENABLE_MODULES = YES;
				CLANG_ENABLE_OBJC_ARC = YES;
				CLANG_WARN_BOOL_CONVERSION = YES;
				CLANG_WARN_CONSTANT_CONVERSION = YES;
				CLANG_WARN_DIRECT_OBJC_ISA_USAGE = YES_ERROR;
				CLANG_WARN_DOCUMENTATION_COMMENTS = YES;
				CLANG_WARN_EMPTY_BODY = YES;
				CLANG_WARN_ENUM_CONVERSION = YES;
				CLANG_WARN_INFINITE_RECURSION = YES;
				CLANG_WARN_INT_CONVERSION = YES;
				CLANG_WARN_OBJC_ROOT_CLASS = YES_ERROR;
				CLANG_WARN_SUSPICIOUS_MOVE = YES;
				CLANG_WARN_UNREACHABLE_CODE = YES;
				CLANG_WARN__DUPLICATE_METHOD_MATCH = YES;
				"CODE_SIGN_IDENTITY[sdk=iphoneos*]" = "iPhone Developer";
				COPY_PHASE_STRIP = NO;
				DEBUG_INFORMATION_FORMAT = dwarf;
				ENABLE_STRICT_OBJC_MSGSEND = YES;
				ENABLE_TESTABILITY = YES;
				GCC_C_LANGUAGE_STANDARD = gnu99;
				GCC_DYNAMIC_NO_PIC = NO;
				GCC_NO_COMMON_BLOCKS = YES;
				GCC_OPTIMIZATION_LEVEL = 0;
				GCC_PREPROCESSOR_DEFINITIONS = (
					"DEBUG=1",
					"$(inherited)",
				);
				GCC_WARN_64_TO_32_BIT_CONVERSION = YES;
				GCC_WARN_ABOUT_RETURN_TYPE = YES_ERROR;
				GCC_WARN_UNDECLARED_SELECTOR = YES;
				GCC_WARN_UNINITIALIZED_AUTOS = YES_AGGRESSIVE;
				GCC_WARN_UNUSED_FUNCTION = YES;
				GCC_WARN_UNUSED_VARIABLE = YES;
				IPHONEOS_DEPLOYMENT_TARGET = 10.3;
				MTL_ENABLE_DEBUG_INFO = YES;
				ONLY_ACTIVE_ARCH = YES;
				SDKROOT = iphoneos;
				SWIFT_ACTIVE_COMPILATION_CONDITIONS = DEBUG;
				SWIFT_OPTIMIZATION_LEVEL = "-Onone";
			};
			name = Debug;
		};
		77AEE8AF1F56CD1F00D8A614 /* Release */ = {
			isa = XCBuildConfiguration;
			buildSettings = {
				ALWAYS_SEARCH_USER_PATHS = NO;
				CLANG_ANALYZER_NONNULL = YES;
				CLANG_ANALYZER_NUMBER_OBJECT_CONVERSION = YES_AGGRESSIVE;
				CLANG_CXX_LANGUAGE_STANDARD = "gnu++0x";
				CLANG_CXX_LIBRARY = "libc++";
				CLANG_ENABLE_MODULES = YES;
				CLANG_ENABLE_OBJC_ARC = YES;
				CLANG_WARN_BOOL_CONVERSION = YES;
				CLANG_WARN_CONSTANT_CONVERSION = YES;
				CLANG_WARN_DIRECT_OBJC_ISA_USAGE = YES_ERROR;
				CLANG_WARN_DOCUMENTATION_COMMENTS = YES;
				CLANG_WARN_EMPTY_BODY = YES;
				CLANG_WARN_ENUM_CONVERSION = YES;
				CLANG_WARN_INFINITE_RECURSION = YES;
				CLANG_WARN_INT_CONVERSION = YES;
				CLANG_WARN_OBJC_ROOT_CLASS = YES_ERROR;
				CLANG_WARN_SUSPICIOUS_MOVE = YES;
				CLANG_WARN_UNREACHABLE_CODE = YES;
				CLANG_WARN__DUPLICATE_METHOD_MATCH = YES;
				"CODE_SIGN_IDENTITY[sdk=iphoneos*]" = "iPhone Developer";
				COPY_PHASE_STRIP = NO;
				DEBUG_INFORMATION_FORMAT = "dwarf-with-dsym";
				ENABLE_NS_ASSERTIONS = NO;
				ENABLE_STRICT_OBJC_MSGSEND = YES;
				GCC_C_LANGUAGE_STANDARD = gnu99;
				GCC_NO_COMMON_BLOCKS = YES;
				GCC_WARN_64_TO_32_BIT_CONVERSION = YES;
				GCC_WARN_ABOUT_RETURN_TYPE = YES_ERROR;
				GCC_WARN_UNDECLARED_SELECTOR = YES;
				GCC_WARN_UNINITIALIZED_AUTOS = YES_AGGRESSIVE;
				GCC_WARN_UNUSED_FUNCTION = YES;
				GCC_WARN_UNUSED_VARIABLE = YES;
				IPHONEOS_DEPLOYMENT_TARGET = 10.3;
				MTL_ENABLE_DEBUG_INFO = NO;
				SDKROOT = iphoneos;
				SWIFT_OPTIMIZATION_LEVEL = "-Owholemodule";
				VALIDATE_PRODUCT = YES;
			};
			name = Release;
		};
		77AEE8B11F56CD1F00D8A614 /* Debug */ = {
			isa = XCBuildConfiguration;
			buildSettings = {
				ASSETCATALOG_COMPILER_APPICON_NAME = AppIcon;
				DEVELOPMENT_TEAM = RA8RP8Z7ML;
				INFOPLIST_FILE = YouWeTestChat/Info.plist;
				LD_RUNPATH_SEARCH_PATHS = "$(inherited) @executable_path/Frameworks";
				PRODUCT_BUNDLE_IDENTIFIER = ITMak.YouWeTestChat;
				PRODUCT_NAME = "$(TARGET_NAME)";
				SWIFT_VERSION = 3.0;
			};
			name = Debug;
		};
		77AEE8B21F56CD1F00D8A614 /* Release */ = {
			isa = XCBuildConfiguration;
			buildSettings = {
				ASSETCATALOG_COMPILER_APPICON_NAME = AppIcon;
				DEVELOPMENT_TEAM = RA8RP8Z7ML;
				INFOPLIST_FILE = YouWeTestChat/Info.plist;
				LD_RUNPATH_SEARCH_PATHS = "$(inherited) @executable_path/Frameworks";
				PRODUCT_BUNDLE_IDENTIFIER = ITMak.YouWeTestChat;
				PRODUCT_NAME = "$(TARGET_NAME)";
				SWIFT_VERSION = 3.0;
			};
			name = Release;
		};
/* End XCBuildConfiguration section */

/* Begin XCConfigurationList section */
		77AEE8961F56CD1F00D8A614 /* Build configuration list for PBXProject "YouWeTestChat" */ = {
			isa = XCConfigurationList;
			buildConfigurations = (
				77AEE8AE1F56CD1F00D8A614 /* Debug */,
				77AEE8AF1F56CD1F00D8A614 /* Release */,
			);
			defaultConfigurationIsVisible = 0;
			defaultConfigurationName = Release;
		};
		77AEE8B01F56CD1F00D8A614 /* Build configuration list for PBXNativeTarget "YouWeTestChat" */ = {
			isa = XCConfigurationList;
			buildConfigurations = (
				77AEE8B11F56CD1F00D8A614 /* Debug */,
				77AEE8B21F56CD1F00D8A614 /* Release */,
			);
			defaultConfigurationIsVisible = 0;
		};
/* End XCConfigurationList section */

/* Begin XCVersionGroup section */
		77AEE8A51F56CD1F00D8A614 /* YouWeTestChat.xcdatamodeld */ = {
			isa = XCVersionGroup;
			children = (
				77AEE8A61F56CD1F00D8A614 /* YouWeTestChat.xcdatamodel */,
			);
			currentVersion = 77AEE8A61F56CD1F00D8A614 /* YouWeTestChat.xcdatamodel */;
			path = YouWeTestChat.xcdatamodeld;
			sourceTree = "<group>";
			versionGroupType = wrapper.xcdatamodel;
		};
/* End XCVersionGroup section */
	};
	rootObject = 77AEE8931F56CD1F00D8A614 /* Project object */;
}
